
Microsoft Visual Studio Solution File, Format Version 11.00
# Visual C++ Express 2010
Project("{8BC9CEB8-8B4A-11D0-8D11-00A0C91BC942}") = "求二叉树中节点的最大距离", "求二叉树中节点的最大距离\求二叉树中节点的最大距离.vcxproj", "{8F5D83E1-6A61-4F65-8C4E-BA2200B8679E}"
EndProject
Global
	GlobalSection(SolutionConfigurationPlatforms) = preSolution
		Debug|Win32 = Debug|Win32
		Release|Win32 = Release|Win32
	EndGlobalSection
	GlobalSection(ProjectConfigurationPlatforms) = postSolution
		{8F5D83E1-6A61-4F65-8C4E-BA2200B8679E}.Debug|Win32.ActiveCfg = Debug|Win32
		{8F5D83E1-6A61-4F65-8C4E-BA2200B8679E}.Debug|Win32.Build.0 = Debug|Win32
		{8F5D83E1-6A61-4F65-8C4E-BA2200B8679E}.Release|Win32.ActiveCfg = Release|Win32
		{8F5D83E1-6A61-4F65-8C4E-BA2200B8679E}.Release|Win32.Build.0 = Release|Win32
	EndGlobalSection
	GlobalSection(SolutionProperties) = preSolution
		HideSolutionNode = FALSE
	EndGlobalSection
EndGlobal
